
Microsoft Visual Studio Solution File, Format Version 12.00
# Visual Studio Version 17
VisualStudioVersion = 17.7.34024.191
MinimumVisualStudioVersion = 10.0.40219.1
Project("{9A19103F-16F7-4668-BE54-9A1E7A4F7556}") = "RegistrationServiceAPI", "RegistrationServiceAPI\RegistrationServiceAPI.csproj", "{43844515-9634-45D4-8ADA-AB3ECB7A488D}"
EndProject
Project("{9A19103F-16F7-4668-BE54-9A1E7A4F7556}") = "EmailSendingService", "EmailSendingService\EmailSendingService.csproj", "{030FBB04-E4B4-4797-B3E7-01D242C89347}"
EndProject
Global
	GlobalSection(SolutionConfigurationPlatforms) = preSolution
		Debug|Any CPU = Debug|Any CPU
		Release|Any CPU = Release|Any CPU
	EndGlobalSection
	GlobalSection(ProjectConfigurationPlatforms) = postSolution
		{43844515-9634-45D4-8ADA-AB3ECB7A488D}.Debug|Any CPU.ActiveCfg = Debug|Any CPU
		{43844515-9634-45D4-8ADA-AB3ECB7A488D}.Debug|Any CPU.Build.0 = Debug|Any CPU
		{43844515-9634-45D4-8ADA-AB3ECB7A488D}.Release|Any CPU.ActiveCfg = Release|Any CPU
		{43844515-9634-45D4-8ADA-AB3ECB7A488D}.Release|Any CPU.Build.0 = Release|Any CPU
		{030FBB04-E4B4-4797-B3E7-01D242C89347}.Debug|Any CPU.ActiveCfg = Debug|Any CPU
		{030FBB04-E4B4-4797-B3E7-01D242C89347}.Debug|Any CPU.Build.0 = Debug|Any CPU
		{030FBB04-E4B4-4797-B3E7-01D242C89347}.Release|Any CPU.ActiveCfg = Release|Any CPU
		{030FBB04-E4B4-4797-B3E7-01D242C89347}.Release|Any CPU.Build.0 = Release|Any CPU
	EndGlobalSection
	GlobalSection(SolutionProperties) = preSolution
		HideSolutionNode = FALSE
	EndGlobalSection
	GlobalSection(ExtensibilityGlobals) = postSolution
		SolutionGuid = {59C22DD6-93B5-4788-B51B-BC329F9661D3}
	EndGlobalSection
EndGlobal
